
Microsoft Visual Studio Solution File, Format Version 12.00
# Visual Studio 15
VisualStudioVersion = 15.0.27428.2015
MinimumVisualStudioVersion = 10.0.40219.1
Project("{FAE04EC0-301F-11D3-BF4B-00C04F79EFBC}") = "Scenarios.Storyboard", "Scenarios.Storyboard\Scenarios.Storyboard.csproj", "{A9AD740D-6B3F-41C5-955A-E0D317094295}"
EndProject
Project("{FAE04EC0-301F-11D3-BF4B-00C04F79EFBC}") = "Scenarios.Storyboard.Tests", "Scenarios.Storyboard.Tests\Scenarios.Storyboard.Tests.csproj", "{C61C45F1-6B46-41D6-BFDC-87661F80D0D1}"
EndProject
Project("{FAE04EC0-301F-11D3-BF4B-00C04F79EFBC}") = "Scenarios.Storyboard.Vlc", "Scenarios.Storyboard.Vlc\Scenarios.Storyboard.Vlc.csproj", "{01056EEB-D47F-469C-9028-4AC5435BCB80}"
EndProject
Project("{FAE04EC0-301F-11D3-BF4B-00C04F79EFBC}") = "Scenarios.Core", "Scenarios.Core\Scenarios.Core.csproj", "{B637C8BB-FA09-4ED8-992C-745DD67B4306}"
EndProject
Project("{FAE04EC0-301F-11D3-BF4B-00C04F79EFBC}") = "ScenarioList", "ScenarioList\ScenarioList.csproj", "{FBEC70B5-E963-45D1-8093-30ACB858AC5F}"
EndProject
Project("{FAE04EC0-301F-11D3-BF4B-00C04F79EFBC}") = "JSONParser", "JSONParser\JSONParser.csproj", "{5504E5BB-AA30-46F5-86DB-D8F8C3E7F128}"
EndProject
Global
	GlobalSection(SolutionConfigurationPlatforms) = preSolution
		Debug|Any CPU = Debug|Any CPU
		Release|Any CPU = Release|Any CPU
	EndGlobalSection
	GlobalSection(ProjectConfigurationPlatforms) = postSolution
		{A9AD740D-6B3F-41C5-955A-E0D317094295}.Debug|Any CPU.ActiveCfg = Debug|Any CPU
		{A9AD740D-6B3F-41C5-955A-E0D317094295}.Debug|Any CPU.Build.0 = Debug|Any CPU
		{A9AD740D-6B3F-41C5-955A-E0D317094295}.Release|Any CPU.ActiveCfg = Release|Any CPU
		{A9AD740D-6B3F-41C5-955A-E0D317094295}.Release|Any CPU.Build.0 = Release|Any CPU
		{C61C45F1-6B46-41D6-BFDC-87661F80D0D1}.Debug|Any CPU.ActiveCfg = Debug|Any CPU
		{C61C45F1-6B46-41D6-BFDC-87661F80D0D1}.Debug|Any CPU.Build.0 = Debug|Any CPU
		{C61C45F1-6B46-41D6-BFDC-87661F80D0D1}.Release|Any CPU.ActiveCfg = Release|Any CPU
		{C61C45F1-6B46-41D6-BFDC-87661F80D0D1}.Release|Any CPU.Build.0 = Release|Any CPU
		{01056EEB-D47F-469C-9028-4AC5435BCB80}.Debug|Any CPU.ActiveCfg = Debug|Any CPU
		{01056EEB-D47F-469C-9028-4AC5435BCB80}.Debug|Any CPU.Build.0 = Debug|Any CPU
		{01056EEB-D47F-469C-9028-4AC5435BCB80}.Release|Any CPU.ActiveCfg = Release|Any CPU
		{01056EEB-D47F-469C-9028-4AC5435BCB80}.Release|Any CPU.Build.0 = Release|Any CPU
		{B637C8BB-FA09-4ED8-992C-745DD67B4306}.Debug|Any CPU.ActiveCfg = Debug|Any CPU
		{B637C8BB-FA09-4ED8-992C-745DD67B4306}.Debug|Any CPU.Build.0 = Debug|Any CPU
		{B637C8BB-FA09-4ED8-992C-745DD67B4306}.Release|Any CPU.ActiveCfg = Release|Any CPU
		{B637C8BB-FA09-4ED8-992C-745DD67B4306}.Release|Any CPU.Build.0 = Release|Any CPU
		{FBEC70B5-E963-45D1-8093-30ACB858AC5F}.Debug|Any CPU.ActiveCfg = Debug|Any CPU
		{FBEC70B5-E963-45D1-8093-30ACB858AC5F}.Debug|Any CPU.Build.0 = Debug|Any CPU
		{FBEC70B5-E963-45D1-8093-30ACB858AC5F}.Release|Any CPU.ActiveCfg = Release|Any CPU
		{FBEC70B5-E963-45D1-8093-30ACB858AC5F}.Release|Any CPU.Build.0 = Release|Any CPU
		{5504E5BB-AA30-46F5-86DB-D8F8C3E7F128}.Debug|Any CPU.ActiveCfg = Debug|Any CPU
		{5504E5BB-AA30-46F5-86DB-D8F8C3E7F128}.Debug|Any CPU.Build.0 = Debug|Any CPU
		{5504E5BB-AA30-46F5-86DB-D8F8C3E7F128}.Release|Any CPU.ActiveCfg = Release|Any CPU
		{5504E5BB-AA30-46F5-86DB-D8F8C3E7F128}.Release|Any CPU.Build.0 = Release|Any CPU
	EndGlobalSection
	GlobalSection(SolutionProperties) = preSolution
		HideSolutionNode = FALSE
	EndGlobalSection
	GlobalSection(ExtensibilityGlobals) = postSolution
		SolutionGuid = {F4D963CB-9F4C-4C34-BDDE-A0BBA9FADC47}
	EndGlobalSection
EndGlobal
